// !$*UTF8*$!
{
	archiveVersion = 1;
	classes = {
	};
	objectVersion = 77;
	objects = {

/* Begin PBXContainerItemProxy section */
		573EF2452E3A6104007E745F /* PBXContainerItemProxy */ = {
			isa = PBXContainerItemProxy;
			containerPortal = 573EF22F2E3A6102007E745F /* Project object */;
			proxyType = 1;
			remoteGlobalIDString = 573EF2362E3A6102007E745F;
			remoteInfo = "Bowl Timer";
		};
		573EF24F2E3A6104007E745F /* PBXContainerItemProxy */ = {
			isa = PBXContainerItemProxy;
			containerPortal = 573EF22F2E3A6102007E745F /* Project object */;
			proxyType = 1;
			remoteGlobalIDString = 573EF2362E3A6102007E745F;
			remoteInfo = "Bowl Timer";
		};
/* End PBXContainerItemProxy section */

/* Begin PBXFileReference section */
		573EF2372E3A6102007E745F /* Bowl Timer.app */ = {isa = PBXFileReference; explicitFileType = wrapper.application; includeInIndex = 0; path = "Bowl Timer.app"; sourceTree = BUILT_PRODUCTS_DIR; };
		573EF2442E3A6104007E745F /* Bowl TimerTests.xctest */ = {isa = PBXFileReference; explicitFileType = wrapper.cfbundle; includeInIndex = 0; path = "Bowl TimerTests.xctest"; sourceTree = BUILT_PRODUCTS_DIR; };
		573EF24E2E3A6104007E745F /* Bowl TimerUITests.xctest */ = {isa = PBXFileReference; explicitFileType = wrapper.cfbundle; includeInIndex = 0; path = "Bowl TimerUITests.xctest"; sourceTree = BUILT_PRODUCTS_DIR; };
/* End PBXFileReference section */

/* Begin PBXFileSystemSynchronizedBuildFileExceptionSet section */
		573EF2642E3A6463007E745F /* Exceptions for "Bowl Timer" folder in "Bowl Timer" target */ = {
			isa = PBXFileSystemSynchronizedBuildFileExceptionSet;
			membershipExceptions = (
				"Bowl TimerTests/Bowl_TimerTests.swift",
			);
			target = 573EF2362E3A6102007E745F /* Bowl Timer */;
		};
		573EF2652E3A6463007E745F /* Exceptions for "Bowl Timer" folder in "Bowl TimerTests" target */ = {
			isa = PBXFileSystemSynchronizedBuildFileExceptionSet;
			membershipExceptions = (
				"Bowl TimerTests/Bowl_TimerTests.swift",
			);
			target = 573EF2432E3A6104007E745F /* Bowl TimerTests */;
		};
/* End PBXFileSystemSynchronizedBuildFileExceptionSet section */

/* Begin PBXFileSystemSynchronizedRootGroup section */
		573EF2392E3A6102007E745F /* Bowl Timer */ = {
			isa = PBXFileSystemSynchronizedRootGroup;
			exceptions = (
				573EF2642E3A6463007E745F /* Exceptions for "Bowl Timer" folder in "Bowl Timer" target */,
				573EF2652E3A6463007E745F /* Exceptions for "Bowl Timer" folder in "Bowl TimerTests" target */,
			);
			path = "Bowl Timer";
			sourceTree = "<group>";
		};
		573EF2512E3A6104007E745F /* Bowl TimerUITests */ = {
			isa = PBXFileSystemSynchronizedRootGroup;
			path = "Bowl TimerUITests";
			sourceTree = "<group>";
		};
/* End PBXFileSystemSynchronizedRootGroup section */

/* Begin PBXFrameworksBuildPhase section */
		573EF2342E3A6102007E745F /* Frameworks */ = {
			isa = PBXFrameworksBuildPhase;
			buildActionMask = 2147483647;
			files = (
			);
			runOnlyForDeploymentPostprocessing = 0;
		};
		573EF2412E3A6104007E745F /* Frameworks */ = {
			isa = PBXFrameworksBuildPhase;
			buildActionMask = 2147483647;
			files = (
			);
			runOnlyForDeploymentPostprocessing = 0;
		};
		573EF24B2E3A6104007E745F /* Frameworks */ = {
			isa = PBXFrameworksBuildPhase;
			buildActionMask = 2147483647;
			files = (
			);
			runOnlyForDeploymentPostprocessing = 0;
		};
/* End PBXFrameworksBuildPhase section */

/* Begin PBXGroup section */
		573EF22E2E3A6102007E745F = {
			isa = PBXGroup;
			children = (
				573EF2392E3A6102007E745F /* Bowl Timer */,
				573EF2512E3A6104007E745F /* Bowl TimerUITests */,
				573EF2382E3A6102007E745F /* Products */,
			);
			sourceTree = "<group>";
		};
		573EF2382E3A6102007E745F /* Products */ = {
			isa = PBXGroup;
			children = (
				573EF2372E3A6102007E745F /* Bowl Timer.app */,
				573EF2442E3A6104007E745F /* Bowl TimerTests.xctest */,
				573EF24E2E3A6104007E745F /* Bowl TimerUITests.xctest */,
			);
			name = Products;
			sourceTree = "<group>";
		};
/* End PBXGroup section */

/* Begin PBXNativeTarget section */
		573EF2362E3A6102007E745F /* Bowl Timer */ = {
			isa = PBXNativeTarget;
			buildConfigurationList = 573EF2582E3A6104007E745F /* Build configuration list for PBXNativeTarget "Bowl Timer" */;
			buildPhases = (
				573EF2332E3A6102007E745F /* Sources */,
				573EF2342E3A6102007E745F /* Frameworks */,
				573EF2352E3A6102007E745F /* Resources */,
			);
			buildRules = (
			);
			dependencies = (
			);
			fileSystemSynchronizedGroups = (
				573EF2392E3A6102007E745F /* Bowl Timer */,
			);
			name = "Bowl Timer";
			packageProductDependencies = (
			);
			productName = "Bowl Timer";
			productReference = 573EF2372E3A6102007E745F /* Bowl Timer.app */;
			productType = "com.apple.product-type.application";
		};
		573EF2432E3A6104007E745F /* Bowl TimerTests */ = {
			isa = PBXNativeTarget;
			buildConfigurationList = 573EF25B2E3A6104007E745F /* Build configuration list for PBXNativeTarget "Bowl TimerTests" */;
			buildPhases = (
				573EF2402E3A6104007E745F /* Sources */,
				573EF2412E3A6104007E745F /* Frameworks */,
				573EF2422E3A6104007E745F /* Resources */,
			);
			buildRules = (
			);
			dependencies = (
				573EF2462E3A6104007E745F /* PBXTargetDependency */,
			);
			name = "Bowl TimerTests";
			packageProductDependencies = (
			);
			productName = "Bowl TimerTests";
			productReference = 573EF2442E3A6104007E745F /* Bowl TimerTests.xctest */;
			productType = "com.apple.product-type.bundle.unit-test";
		};
		573EF24D2E3A6104007E745F /* Bowl TimerUITests */ = {
			isa = PBXNativeTarget;
			buildConfigurationList = 573EF25E2E3A6104007E745F /* Build configuration list for PBXNativeTarget "Bowl TimerUITests" */;
			buildPhases = (
				573EF24A2E3A6104007E745F /* Sources */,
				573EF24B2E3A6104007E745F /* Frameworks */,
				573EF24C2E3A6104007E745F /* Resources */,
			);
			buildRules = (
			);
			dependencies = (
				573EF2502E3A6104007E745F /* PBXTargetDependency */,
			);
			fileSystemSynchronizedGroups = (
				573EF2512E3A6104007E745F /* Bowl TimerUITests */,
			);
			name = "Bowl TimerUITests";
			packageProductDependencies = (
			);
			productName = "Bowl TimerUITests";
			productReference = 573EF24E2E3A6104007E745F /* Bowl TimerUITests.xctest */;
			productType = "com.apple.product-type.bundle.ui-testing";
		};
/* End PBXNativeTarget section */

/* Begin PBXProject section */
		573EF22F2E3A6102007E745F /* Project object */ = {
			isa = PBXProject;
			attributes = {
				BuildIndependentTargetsInParallel = 1;
				LastSwiftUpdateCheck = 1630;
				LastUpgradeCheck = 1630;
				TargetAttributes = {
					573EF2362E3A6102007E745F = {
						CreatedOnToolsVersion = 16.3;
					};
					573EF2432E3A6104007E745F = {
						CreatedOnToolsVersion = 16.3;
						TestTargetID = 573EF2362E3A6102007E745F;
					};
					573EF24D2E3A6104007E745F = {
						CreatedOnToolsVersion = 16.3;
						TestTargetID = 573EF2362E3A6102007E745F;
					};
				};
			};
			buildConfigurationList = 573EF2322E3A6102007E745F /* Build configuration list for PBXProject "Bowl Timer" */;
			developmentRegion = en;
			hasScannedForEncodings = 0;
			knownRegions = (
				en,
				Base,
			);
			mainGroup = 573EF22E2E3A6102007E745F;
			minimizedProjectReferenceProxies = 1;
			preferredProjectObjectVersion = 77;
			productRefGroup = 573EF2382E3A6102007E745F /* Products */;
			projectDirPath = "";
			projectRoot = "";
			targets = (
				573EF2362E3A6102007E745F /* Bowl Timer */,
				573EF2432E3A6104007E745F /* Bowl TimerTests */,
				573EF24D2E3A6104007E745F /* Bowl TimerUITests */,
			);
		};
/* End PBXProject section */

/* Begin PBXResourcesBuildPhase section */
		573EF2352E3A6102007E745F /* Resources */ = {
			isa = PBXResourcesBuildPhase;
			buildActionMask = 2147483647;
			files = (
			);
			runOnlyForDeploymentPostprocessing = 0;
		};
		573EF2422E3A6104007E745F /* Resources */ = {
			isa = PBXResourcesBuildPhase;
			buildActionMask = 2147483647;
			files = (
			);
			runOnlyForDeploymentPostprocessing = 0;
		};
		573EF24C2E3A6104007E745F /* Resources */ = {
			isa = PBXResourcesBuildPhase;
			buildActionMask = 2147483647;
			files = (
			);
			runOnlyForDeploymentPostprocessing = 0;
		};
/* End PBXResourcesBuildPhase section */

/* Begin PBXSourcesBuildPhase section */
		573EF2332E3A6102007E745F /* Sources */ = {
			isa = PBXSourcesBuildPhase;
			buildActionMask = 2147483647;
			files = (
			);
			runOnlyForDeploymentPostprocessing = 0;
		};
		573EF2402E3A6104007E745F /* Sources */ = {
			isa = PBXSourcesBuildPhase;
			buildActionMask = 2147483647;
			files = (
			);
			runOnlyForDeploymentPostprocessing = 0;
		};
		573EF24A2E3A6104007E745F /* Sources */ = {
			isa = PBXSourcesBuildPhase;
			buildActionMask = 2147483647;
			files = (
			);
			runOnlyForDeploymentPostprocessing = 0;
		};
/* End PBXSourcesBuildPhase section */

/* Begin PBXTargetDependency section */
		573EF2462E3A6104007E745F /* PBXTargetDependency */ = {
			isa = PBXTargetDependency;
			target = 573EF2362E3A6102007E745F /* Bowl Timer */;
			targetProxy = 573EF2452E3A6104007E745F /* PBXContainerItemProxy */;
		};
		573EF2502E3A6104007E745F /* PBXTargetDependency */ = {
			isa = PBXTargetDependency;
			target = 573EF2362E3A6102007E745F /* Bowl Timer */;
			targetProxy = 573EF24F2E3A6104007E745F /* PBXContainerItemProxy */;
		};
/* End PBXTargetDependency section */

/* Begin XCBuildConfiguration section */
		573EF2562E3A6104007E745F /* Debug */ = {
			isa = XCBuildConfiguration;
			buildSettings = {
				ALWAYS_SEARCH_USER_PATHS = NO;
				ASSETCATALOG_COMPILER_GENERATE_SWIFT_ASSET_SYMBOL_EXTENSIONS = YES;
				CLANG_ANALYZER_NONNULL = YES;
				CLANG_ANALYZER_NUMBER_OBJECT_CONVERSION = YES_AGGRESSIVE;
				CLANG_CXX_LANGUAGE_STANDARD = "gnu++20";
				CLANG_ENABLE_MODULES = YES;
				CLANG_ENABLE_OBJC_ARC = YES;
				CLANG_ENABLE_OBJC_WEAK = YES;
				CLANG_WARN_BLOCK_CAPTURE_AUTORELEASING = YES;
				CLANG_WARN_BOOL_CONVERSION = YES;
				CLANG_WARN_COMMA = YES;
				CLANG_WARN_CONSTANT_CONVERSION = YES;
				CLANG_WARN_DEPRECATED_OBJC_IMPLEMENTATIONS = YES;
				CLANG_WARN_DIRECT_OBJC_ISA_USAGE = YES_ERROR;
				CLANG_WARN_DOCUMENTATION_COMMENTS = YES;
				CLANG_WARN_EMPTY_BODY = YES;
				CLANG_WARN_ENUM_CONVERSION = YES;
				CLANG_WARN_INFINITE_RECURSION = YES;
				CLANG_WARN_INT_CONVERSION = YES;
				CLANG_WARN_NON_LITERAL_NULL_CONVERSION = YES;
				CLANG_WARN_OBJC_IMPLICIT_RETAIN_SELF = YES;
				CLANG_WARN_OBJC_LITERAL_CONVERSION = YES;
				CLANG_WARN_OBJC_ROOT_CLASS = YES_ERROR;
				CLANG_WARN_QUOTED_INCLUDE_IN_FRAMEWORK_HEADER = YES;
				CLANG_WARN_RANGE_LOOP_ANALYSIS = YES;
				CLANG_WARN_STRICT_PROTOTYPES = YES;
				CLANG_WARN_SUSPICIOUS_MOVE = YES;
				CLANG_WARN_UNGUARDED_AVAILABILITY = YES_AGGRESSIVE;
				CLANG_WARN_UNREACHABLE_CODE = YES;
				CLANG_WARN__DUPLICATE_METHOD_MATCH = YES;
				COPY_PHASE_STRIP = NO;
				DEBUG_INFORMATION_FORMAT = dwarf;
				ENABLE_STRICT_OBJC_MSGSEND = YES;
				ENABLE_TESTABILITY = YES;
				ENABLE_USER_SCRIPT_SANDBOXING = YES;
				GCC_C_LANGUAGE_STANDARD = gnu17;
				GCC_DYNAMIC_NO_PIC = NO;
				GCC_NO_COMMON_BLOCKS = YES;
				GCC_OPTIMIZATION_LEVEL = 0;
				GCC_PREPROCESSOR_DEFINITIONS = (
					"DEBUG=1",
					"$(inherited)",
				);
				GCC_WARN_64_TO_32_BIT_CONVERSION = YES;
				GCC_WARN_ABOUT_RETURN_TYPE = YES_ERROR;
				GCC_WARN_UNDECLARED_SELECTOR = YES;
				GCC_WARN_UNINITIALIZED_AUTOS = YES_AGGRESSIVE;
				GCC_WARN_UNUSED_FUNCTION = YES;
				GCC_WARN_UNUSED_VARIABLE = YES;
				IPHONEOS_DEPLOYMENT_TARGET = 18.4;
				LOCALIZATION_PREFERS_STRING_CATALOGS = YES;
				MTL_ENABLE_DEBUG_INFO = INCLUDE_SOURCE;
				MTL_FAST_MATH = YES;
				ONLY_ACTIVE_ARCH = YES;
				SDKROOT = iphoneos;
				SWIFT_ACTIVE_COMPILATION_CONDITIONS = "DEBUG $(inherited)";
				SWIFT_OPTIMIZATION_LEVEL = "-Onone";
			};
			name = Debug;
		};
		573EF2572E3A6104007E745F /* Release */ = {
			isa = XCBuildConfiguration;
			buildSettings = {
				ALWAYS_SEARCH_USER_PATHS = NO;
				ASSETCATALOG_COMPILER_GENERATE_SWIFT_ASSET_SYMBOL_EXTENSIONS = YES;
				CLANG_ANALYZER_NONNULL = YES;
				CLANG_ANALYZER_NUMBER_OBJECT_CONVERSION = YES_AGGRESSIVE;
				CLANG_CXX_LANGUAGE_STANDARD = "gnu++20";
				CLANG_ENABLE_MODULES = YES;
				CLANG_ENABLE_OBJC_ARC = YES;
				CLANG_ENABLE_OBJC_WEAK = YES;
				CLANG_WARN_BLOCK_CAPTURE_AUTORELEASING = YES;
				CLANG_WARN_BOOL_CONVERSION = YES;
				CLANG_WARN_COMMA = YES;
				CLANG_WARN_CONSTANT_CONVERSION = YES;
				CLANG_WARN_DEPRECATED_OBJC_IMPLEMENTATIONS = YES;
				CLANG_WARN_DIRECT_OBJC_ISA_USAGE = YES_ERROR;
				CLANG_WARN_DOCUMENTATION_COMMENTS = YES;
				CLANG_WARN_EMPTY_BODY = YES;
				CLANG_WARN_ENUM_CONVERSION = YES;
				CLANG_WARN_INFINITE_RECURSION = YES;
				CLANG_WARN_INT_CONVERSION = YES;
				CLANG_WARN_NON_LITERAL_NULL_CONVERSION = YES;
				CLANG_WARN_OBJC_IMPLICIT_RETAIN_SELF = YES;
				CLANG_WARN_OBJC_LITERAL_CONVERSION = YES;
				CLANG_WARN_OBJC_ROOT_CLASS = YES_ERROR;
				CLANG_WARN_QUOTED_INCLUDE_IN_FRAMEWORK_HEADER = YES;
				CLANG_WARN_RANGE_LOOP_ANALYSIS = YES;
				CLANG_WARN_STRICT_PROTOTYPES = YES;
				CLANG_WARN_SUSPICIOUS_MOVE = YES;
				CLANG_WARN_UNGUARDED_AVAILABILITY = YES_AGGRESSIVE;
				CLANG_WARN_UNREACHABLE_CODE = YES;
				CLANG_WARN__DUPLICATE_METHOD_MATCH = YES;
				COPY_PHASE_STRIP = NO;
				DEBUG_INFORMATION_FORMAT = "dwarf-with-dsym";
				ENABLE_NS_ASSERTIONS = NO;
				ENABLE_STRICT_OBJC_MSGSEND = YES;
				ENABLE_USER_SCRIPT_SANDBOXING = YES;
				GCC_C_LANGUAGE_STANDARD = gnu17;
				GCC_NO_COMMON_BLOCKS = YES;
				GCC_WARN_64_TO_32_BIT_CONVERSION = YES;
				GCC_WARN_ABOUT_RETURN_TYPE = YES_ERROR;
				GCC_WARN_UNDECLARED_SELECTOR = YES;
				GCC_WARN_UNINITIALIZED_AUTOS = YES_AGGRESSIVE;
				GCC_WARN_UNUSED_FUNCTION = YES;
				GCC_WARN_UNUSED_VARIABLE = YES;
				IPHONEOS_DEPLOYMENT_TARGET = 18.4;
				LOCALIZATION_PREFERS_STRING_CATALOGS = YES;
				MTL_ENABLE_DEBUG_INFO = NO;
				MTL_FAST_MATH = YES;
				SDKROOT = iphoneos;
				SWIFT_COMPILATION_MODE = wholemodule;
				VALIDATE_PRODUCT = YES;
			};
			name = Release;
		};
		573EF2592E3A6104007E745F /* Debug */ = {
			isa = XCBuildConfiguration;
			buildSettings = {
				ASSETCATALOG_COMPILER_APPICON_NAME = AppIcon;
				ASSETCATALOG_COMPILER_GLOBAL_ACCENT_COLOR_NAME = AccentColor;
				CODE_SIGN_STYLE = Automatic;
				CURRENT_PROJECT_VERSION = 1;
				ENABLE_PREVIEWS = YES;
				GENERATE_INFOPLIST_FILE = YES;
				INFOPLIST_KEY_UIApplicationSceneManifest_Generation = YES;
				INFOPLIST_KEY_UIApplicationSupportsIndirectInputEvents = YES;
				INFOPLIST_KEY_UILaunchScreen_Generation = YES;
				INFOPLIST_KEY_UIStatusBarStyle = "";
				INFOPLIST_KEY_UISupportedInterfaceOrientations_iPad = "UIInterfaceOrientationPortrait UIInterfaceOrientationPortraitUpsideDown UIInterfaceOrientationLandscapeLeft UIInterfaceOrientationLandscapeRight";
				INFOPLIST_KEY_UISupportedInterfaceOrientations_iPhone = "UIInterfaceOrientationPortrait UIInterfaceOrientationLandscapeLeft UIInterfaceOrientationLandscapeRight";
				IPHONEOS_DEPLOYMENT_TARGET = 18.3;
				LD_RUNPATH_SEARCH_PATHS = (
					"$(inherited)",
					"@executable_path/Frameworks",
				);
				MARKETING_VERSION = 1.0;
				PRODUCT_BUNDLE_IDENTIFIER = "KW.Bowl-Timer";
				PRODUCT_NAME = "$(TARGET_NAME)";
				SWIFT_EMIT_LOC_STRINGS = YES;
				SWIFT_VERSION = 5.0;
				TARGETED_DEVICE_FAMILY = "1,2";
			};
			name = Debug;
		};
		573EF25A2E3A6104007E745F /* Release */ = {
			isa = XCBuildConfiguration;
			buildSettings = {
				ASSETCATALOG_COMPILER_APPICON_NAME = AppIcon;
				ASSETCATALOG_COMPILER_GLOBAL_ACCENT_COLOR_NAME = AccentColor;
				CODE_SIGN_STYLE = Automatic;
				CURRENT_PROJECT_VERSION = 1;
				ENABLE_PREVIEWS = YES;
				GENERATE_INFOPLIST_FILE = YES;
				INFOPLIST_KEY_UIApplicationSceneManifest_Generation = YES;
				INFOPLIST_KEY_UIApplicationSupportsIndirectInputEvents = YES;
				INFOPLIST_KEY_UILaunchScreen_Generation = YES;
				INFOPLIST_KEY_UIStatusBarStyle = "";
				INFOPLIST_KEY_UISupportedInterfaceOrientations_iPad = "UIInterfaceOrientationPortrait UIInterfaceOrientationPortraitUpsideDown UIInterfaceOrientationLandscapeLeft UIInterfaceOrientationLandscapeRight";
				INFOPLIST_KEY_UISupportedInterfaceOrientations_iPhone = "UIInterfaceOrientationPortrait UIInterfaceOrientationLandscapeLeft UIInterfaceOrientationLandscapeRight";
				IPHONEOS_DEPLOYMENT_TARGET = 18.3;
				LD_RUNPATH_SEARCH_PATHS = (
					"$(inherited)",
					"@executable_path/Frameworks",
				);
				MARKETING_VERSION = 1.0;
				PRODUCT_BUNDLE_IDENTIFIER = "KW.Bowl-Timer";
				PRODUCT_NAME = "$(TARGET_NAME)";
				SWIFT_EMIT_LOC_STRINGS = YES;
				SWIFT_VERSION = 5.0;
				TARGETED_DEVICE_FAMILY = "1,2";
			};
			name = Release;
		};
		573EF25C2E3A6104007E745F /* Debug */ = {
			isa = XCBuildConfiguration;
			buildSettings = {
				BUNDLE_LOADER = "$(TEST_HOST)";
				CODE_SIGN_STYLE = Automatic;
				CURRENT_PROJECT_VERSION = 1;
				GENERATE_INFOPLIST_FILE = YES;
				IPHONEOS_DEPLOYMENT_TARGET = 18.4;
				MARKETING_VERSION = 1.0;
				PRODUCT_BUNDLE_IDENTIFIER = "KW.Bowl-TimerTests";
				PRODUCT_NAME = "$(TARGET_NAME)";
				SWIFT_EMIT_LOC_STRINGS = NO;
				SWIFT_VERSION = 5.0;
				TARGETED_DEVICE_FAMILY = "1,2";
				TEST_HOST = "$(BUILT_PRODUCTS_DIR)/Bowl Timer.app/$(BUNDLE_EXECUTABLE_FOLDER_PATH)/Bowl Timer";
			};
			name = Debug;
		};
		573EF25D2E3A6104007E745F /* Release */ = {
			isa = XCBuildConfiguration;
			buildSettings = {
				BUNDLE_LOADER = "$(TEST_HOST)";
				CODE_SIGN_STYLE = Automatic;
				CURRENT_PROJECT_VERSION = 1;
				GENERATE_INFOPLIST_FILE = YES;
				IPHONEOS_DEPLOYMENT_TARGET = 18.4;
				MARKETING_VERSION = 1.0;
				PRODUCT_BUNDLE_IDENTIFIER = "KW.Bowl-TimerTests";
				PRODUCT_NAME = "$(TARGET_NAME)";
				SWIFT_EMIT_LOC_STRINGS = NO;
				SWIFT_VERSION = 5.0;
				TARGETED_DEVICE_FAMILY = "1,2";
				TEST_HOST = "$(BUILT_PRODUCTS_DIR)/Bowl Timer.app/$(BUNDLE_EXECUTABLE_FOLDER_PATH)/Bowl Timer";
			};
			name = Release;
		};
		573EF25F2E3A6104007E745F /* Debug */ = {
			isa = XCBuildConfiguration;
			buildSettings = {
				CODE_SIGN_STYLE = Automatic;
				CURRENT_PROJECT_VERSION = 1;
				GENERATE_INFOPLIST_FILE = YES;
				MARKETING_VERSION = 1.0;
				PRODUCT_BUNDLE_IDENTIFIER = "KW.Bowl-TimerUITests";
				PRODUCT_NAME = "$(TARGET_NAME)";
				SWIFT_EMIT_LOC_STRINGS = NO;
				SWIFT_VERSION = 5.0;
				TARGETED_DEVICE_FAMILY = "1,2";
				TEST_TARGET_NAME = "Bowl Timer";
			};
			name = Debug;
		};
		573EF2602E3A6104007E745F /* Release */ = {
			isa = XCBuildConfiguration;
			buildSettings = {
				CODE_SIGN_STYLE = Automatic;
				CURRENT_PROJECT_VERSION = 1;
				GENERATE_INFOPLIST_FILE = YES;
				MARKETING_VERSION = 1.0;
				PRODUCT_BUNDLE_IDENTIFIER = "KW.Bowl-TimerUITests";
				PRODUCT_NAME = "$(TARGET_NAME)";
				SWIFT_EMIT_LOC_STRINGS = NO;
				SWIFT_VERSION = 5.0;
				TARGETED_DEVICE_FAMILY = "1,2";
				TEST_TARGET_NAME = "Bowl Timer";
			};
			name = Release;
		};
/* End XCBuildConfiguration section */

/* Begin XCConfigurationList section */
		573EF2322E3A6102007E745F /* Build configuration list for PBXProject "Bowl Timer" */ = {
			isa = XCConfigurationList;
			buildConfigurations = (
				573EF2562E3A6104007E745F /* Debug */,
				573EF2572E3A6104007E745F /* Release */,
			);
			defaultConfigurationIsVisible = 0;
			defaultConfigurationName = Release;
		};
		573EF2582E3A6104007E745F /* Build configuration list for PBXNativeTarget "Bowl Timer" */ = {
			isa = XCConfigurationList;
			buildConfigurations = (
				573EF2592E3A6104007E745F /* Debug */,
				573EF25A2E3A6104007E745F /* Release */,
			);
			defaultConfigurationIsVisible = 0;
			defaultConfigurationName = Release;
		};
		573EF25B2E3A6104007E745F /* Build configuration list for PBXNativeTarget "Bowl TimerTests" */ = {
			isa = XCConfigurationList;
			buildConfigurations = (
				573EF25C2E3A6104007E745F /* Debug */,
				573EF25D2E3A6104007E745F /* Release */,
			);
			defaultConfigurationIsVisible = 0;
			defaultConfigurationName = Release;
		};
		573EF25E2E3A6104007E745F /* Build configuration list for PBXNativeTarget "Bowl TimerUITests" */ = {
			isa = XCConfigurationList;
			buildConfigurations = (
				573EF25F2E3A6104007E745F /* Debug */,
				573EF2602E3A6104007E745F /* Release */,
			);
			defaultConfigurationIsVisible = 0;
			defaultConfigurationName = Release;
		};
/* End XCConfigurationList section */
	};
	rootObject = 573EF22F2E3A6102007E745F /* Project object */;
}
